// !$*UTF8*$!
{
	archiveVersion = 1;
	classes = {
	};
	objectVersion = 46;
	objects = {

/* Begin PBXBuildFile section */
		7C7665961AE8807E00C939A8 /* PYCalendarDic.swift in Sources */ = {isa = PBXBuildFile; fileRef = 7C7665951AE8807E00C939A8 /* PYCalendarDic.swift */; };
		7C7665981AE8B4B800C939A8 /* PYCalenderWeekDraw.swift in Sources */ = {isa = PBXBuildFile; fileRef = 7C7665971AE8B4B800C939A8 /* PYCalenderWeekDraw.swift */; };
		7C76659A1AE8C0B800C939A8 /* PYCalenderDayDraw.swift in Sources */ = {isa = PBXBuildFile; fileRef = 7C7665991AE8C0B800C939A8 /* PYCalenderDayDraw.swift */; };
		7CC6B5361AE765C0000561C8 /* AppDelegate.swift in Sources */ = {isa = PBXBuildFile; fileRef = 7CC6B5351AE765C0000561C8 /* AppDelegate.swift */; };
		7CC6B5391AE765C0000561C8 /* Calendar.xcdatamodeld in Sources */ = {isa = PBXBuildFile; fileRef = 7CC6B5371AE765C0000561C8 /* Calendar.xcdatamodeld */; };
		7CC6B53B1AE765C0000561C8 /* ViewController.swift in Sources */ = {isa = PBXBuildFile; fileRef = 7CC6B53A1AE765C0000561C8 /* ViewController.swift */; };
		7CC6B53E1AE765C0000561C8 /* Main.storyboard in Resources */ = {isa = PBXBuildFile; fileRef = 7CC6B53C1AE765C0000561C8 /* Main.storyboard */; };
		7CC6B5401AE765C0000561C8 /* Images.xcassets in Resources */ = {isa = PBXBuildFile; fileRef = 7CC6B53F1AE765C0000561C8 /* Images.xcassets */; };
		7CC6B5431AE765C0000561C8 /* LaunchScreen.xib in Resources */ = {isa = PBXBuildFile; fileRef = 7CC6B5411AE765C0000561C8 /* LaunchScreen.xib */; };
		7CC6B54F1AE765C0000561C8 /* CalendarTests.swift in Sources */ = {isa = PBXBuildFile; fileRef = 7CC6B54E1AE765C0000561C8 /* CalendarTests.swift */; };
		7CC6B5591AE76662000561C8 /* PYCalGraphicsDraw.swift in Sources */ = {isa = PBXBuildFile; fileRef = 7CC6B5581AE76662000561C8 /* PYCalGraphicsDraw.swift */; };
		7CC6B55B1AE76680000561C8 /* TestView.swift in Sources */ = {isa = PBXBuildFile; fileRef = 7CC6B55A1AE76680000561C8 /* TestView.swift */; };
		7CC6B55F1AE797B3000561C8 /* NSDate+PYCalExpand.swift in Sources */ = {isa = PBXBuildFile; fileRef = 7CC6B55E1AE797B3000561C8 /* NSDate+PYCalExpand.swift */; };
		7CC6B5631AE7A751000561C8 /* UIFont+PYCalExpand.swift in Sources */ = {isa = PBXBuildFile; fileRef = 7CC6B5621AE7A751000561C8 /* UIFont+PYCalExpand.swift */; };
		7CC6B5651AE7A8AF000561C8 /* PYCalUnit.swift in Sources */ = {isa = PBXBuildFile; fileRef = 7CC6B5641AE7A8AF000561C8 /* PYCalUnit.swift */; };
		7CD7213D1AE8DA6600F318B3 /* PYCalendarDraw.swift in Sources */ = {isa = PBXBuildFile; fileRef = 7CD7213C1AE8DA6600F318B3 /* PYCalendarDraw.swift */; };
		7CD7213F1AE8DA8100F318B3 /* PYCalendarView.swift in Sources */ = {isa = PBXBuildFile; fileRef = 7CD7213E1AE8DA8100F318B3 /* PYCalendarView.swift */; };
		7CD721411AE8DBC000F318B3 /* PYGraphicsLayer.swift in Sources */ = {isa = PBXBuildFile; fileRef = 7CD721401AE8DBC000F318B3 /* PYGraphicsLayer.swift */; };
/* End PBXBuildFile section */

/* Begin PBXContainerItemProxy section */
		7CC6B5491AE765C0000561C8 /* PBXContainerItemProxy */ = {
			isa = PBXContainerItemProxy;
			containerPortal = 7CC6B5281AE765C0000561C8 /* Project object */;
			proxyType = 1;
			remoteGlobalIDString = 7CC6B52F1AE765C0000561C8;
			remoteInfo = Calendar;
		};
/* End PBXContainerItemProxy section */

/* Begin PBXFileReference section */
		7C7665951AE8807E00C939A8 /* PYCalendarDic.swift */ = {isa = PBXFileReference; fileEncoding = 4; lastKnownFileType = sourcecode.swift; path = PYCalendarDic.swift; sourceTree = "<group>"; };
		7C7665971AE8B4B800C939A8 /* PYCalenderWeekDraw.swift */ = {isa = PBXFileReference; fileEncoding = 4; lastKnownFileType = sourcecode.swift; path = PYCalenderWeekDraw.swift; sourceTree = "<group>"; };
		7C7665991AE8C0B800C939A8 /* PYCalenderDayDraw.swift */ = {isa = PBXFileReference; fileEncoding = 4; lastKnownFileType = sourcecode.swift; path = PYCalenderDayDraw.swift; sourceTree = "<group>"; };
		7CC6B5301AE765C0000561C8 /* Calendar.app */ = {isa = PBXFileReference; explicitFileType = wrapper.application; includeInIndex = 0; path = Calendar.app; sourceTree = BUILT_PRODUCTS_DIR; };
		7CC6B5341AE765C0000561C8 /* Info.plist */ = {isa = PBXFileReference; lastKnownFileType = text.plist.xml; path = Info.plist; sourceTree = "<group>"; };
		7CC6B5351AE765C0000561C8 /* AppDelegate.swift */ = {isa = PBXFileReference; lastKnownFileType = sourcecode.swift; path = AppDelegate.swift; sourceTree = "<group>"; };
		7CC6B5381AE765C0000561C8 /* Calendar.xcdatamodel */ = {isa = PBXFileReference; lastKnownFileType = wrapper.xcdatamodel; path = Calendar.xcdatamodel; sourceTree = "<group>"; };
		7CC6B53A1AE765C0000561C8 /* ViewController.swift */ = {isa = PBXFileReference; lastKnownFileType = sourcecode.swift; path = ViewController.swift; sourceTree = "<group>"; };
		7CC6B53D1AE765C0000561C8 /* Base */ = {isa = PBXFileReference; lastKnownFileType = file.storyboard; name = Base; path = Base.lproj/Main.storyboard; sourceTree = "<group>"; };
		7CC6B53F1AE765C0000561C8 /* Images.xcassets */ = {isa = PBXFileReference; lastKnownFileType = folder.assetcatalog; path = Images.xcassets; sourceTree = "<group>"; };
		7CC6B5421AE765C0000561C8 /* Base */ = {isa = PBXFileReference; lastKnownFileType = file.xib; name = Base; path = Base.lproj/LaunchScreen.xib; sourceTree = "<group>"; };
		7CC6B5481AE765C0000561C8 /* CalendarTests.xctest */ = {isa = PBXFileReference; explicitFileType = wrapper.cfbundle; includeInIndex = 0; path = CalendarTests.xctest; sourceTree = BUILT_PRODUCTS_DIR; };
		7CC6B54D1AE765C0000561C8 /* Info.plist */ = {isa = PBXFileReference; lastKnownFileType = text.plist.xml; path = Info.plist; sourceTree = "<group>"; };
		7CC6B54E1AE765C0000561C8 /* CalendarTests.swift */ = {isa = PBXFileReference; lastKnownFileType = sourcecode.swift; path = CalendarTests.swift; sourceTree = "<group>"; };
		7CC6B5581AE76662000561C8 /* PYCalGraphicsDraw.swift */ = {isa = PBXFileReference; fileEncoding = 4; lastKnownFileType = sourcecode.swift; path = PYCalGraphicsDraw.swift; sourceTree = "<group>"; };
		7CC6B55A1AE76680000561C8 /* TestView.swift */ = {isa = PBXFileReference; fileEncoding = 4; lastKnownFileType = sourcecode.swift; path = TestView.swift; sourceTree = "<group>"; };
		7CC6B55E1AE797B3000561C8 /* NSDate+PYCalExpand.swift */ = {isa = PBXFileReference; fileEncoding = 4; lastKnownFileType = sourcecode.swift; path = "NSDate+PYCalExpand.swift"; sourceTree = "<group>"; };
		7CC6B5621AE7A751000561C8 /* UIFont+PYCalExpand.swift */ = {isa = PBXFileReference; fileEncoding = 4; lastKnownFileType = sourcecode.swift; path = "UIFont+PYCalExpand.swift"; sourceTree = "<group>"; };
		7CC6B5641AE7A8AF000561C8 /* PYCalUnit.swift */ = {isa = PBXFileReference; fileEncoding = 4; lastKnownFileType = sourcecode.swift; path = PYCalUnit.swift; sourceTree = "<group>"; };
		7CD7213C1AE8DA6600F318B3 /* PYCalendarDraw.swift */ = {isa = PBXFileReference; fileEncoding = 4; lastKnownFileType = sourcecode.swift; path = PYCalendarDraw.swift; sourceTree = "<group>"; };
		7CD7213E1AE8DA8100F318B3 /* PYCalendarView.swift */ = {isa = PBXFileReference; fileEncoding = 4; lastKnownFileType = sourcecode.swift; path = PYCalendarView.swift; sourceTree = "<group>"; };
		7CD721401AE8DBC000F318B3 /* PYGraphicsLayer.swift */ = {isa = PBXFileReference; fileEncoding = 4; lastKnownFileType = sourcecode.swift; path = PYGraphicsLayer.swift; sourceTree = "<group>"; };
/* End PBXFileReference section */

/* Begin PBXFrameworksBuildPhase section */
		7CC6B52D1AE765C0000561C8 /* Frameworks */ = {
			isa = PBXFrameworksBuildPhase;
			buildActionMask = 2147483647;
			files = (
			);
			runOnlyForDeploymentPostprocessing = 0;
		};
		7CC6B5451AE765C0000561C8 /* Frameworks */ = {
			isa = PBXFrameworksBuildPhase;
			buildActionMask = 2147483647;
			files = (
			);
			runOnlyForDeploymentPostprocessing = 0;
		};
/* End PBXFrameworksBuildPhase section */

/* Begin PBXGroup section */
		7CC6B5271AE765C0000561C8 = {
			isa = PBXGroup;
			children = (
				7CC6B5321AE765C0000561C8 /* Calendar */,
				7CC6B54B1AE765C0000561C8 /* CalendarTests */,
				7CC6B5311AE765C0000561C8 /* Products */,
			);
			sourceTree = "<group>";
		};
		7CC6B5311AE765C0000561C8 /* Products */ = {
			isa = PBXGroup;
			children = (
				7CC6B5301AE765C0000561C8 /* Calendar.app */,
				7CC6B5481AE765C0000561C8 /* CalendarTests.xctest */,
			);
			name = Products;
			sourceTree = "<group>";
		};
		7CC6B5321AE765C0000561C8 /* Calendar */ = {
			isa = PBXGroup;
			children = (
				7CC6B5351AE765C0000561C8 /* AppDelegate.swift */,
				7CC6B53A1AE765C0000561C8 /* ViewController.swift */,
				7CC6B53C1AE765C0000561C8 /* Main.storyboard */,
				7CC6B53F1AE765C0000561C8 /* Images.xcassets */,
				7CC6B5411AE765C0000561C8 /* LaunchScreen.xib */,
				7CC6B5371AE765C0000561C8 /* Calendar.xcdatamodeld */,
				7CC6B5331AE765C0000561C8 /* Supporting Files */,
				7CC6B5581AE76662000561C8 /* PYCalGraphicsDraw.swift */,
				7CC6B55A1AE76680000561C8 /* TestView.swift */,
				7C7665951AE8807E00C939A8 /* PYCalendarDic.swift */,
				7CC6B55E1AE797B3000561C8 /* NSDate+PYCalExpand.swift */,
				7CC6B5621AE7A751000561C8 /* UIFont+PYCalExpand.swift */,
				7CC6B5641AE7A8AF000561C8 /* PYCalUnit.swift */,
				7CD7213C1AE8DA6600F318B3 /* PYCalendarDraw.swift */,
				7C7665971AE8B4B800C939A8 /* PYCalenderWeekDraw.swift */,
				7C7665991AE8C0B800C939A8 /* PYCalenderDayDraw.swift */,
				7CD7213E1AE8DA8100F318B3 /* PYCalendarView.swift */,
				7CD721401AE8DBC000F318B3 /* PYGraphicsLayer.swift */,
			);
			path = Calendar;
			sourceTree = "<group>";
		};
		7CC6B5331AE765C0000561C8 /* Supporting Files */ = {
			isa = PBXGroup;
			children = (
				7CC6B5341AE765C0000561C8 /* Info.plist */,
			);
			name = "Supporting Files";
			sourceTree = "<group>";
		};
		7CC6B54B1AE765C0000561C8 /* CalendarTests */ = {
			isa = PBXGroup;
			children = (
				7CC6B54E1AE765C0000561C8 /* CalendarTests.swift */,
				7CC6B54C1AE765C0000561C8 /* Supporting Files */,
			);
			path = CalendarTests;
			sourceTree = "<group>";
		};
		7CC6B54C1AE765C0000561C8 /* Supporting Files */ = {
			isa = PBXGroup;
			children = (
				7CC6B54D1AE765C0000561C8 /* Info.plist */,
			);
			name = "Supporting Files";
			sourceTree = "<group>";
		};
/* End PBXGroup section */

/* Begin PBXNativeTarget section */
		7CC6B52F1AE765C0000561C8 /* Calendar */ = {
			isa = PBXNativeTarget;
			buildConfigurationList = 7CC6B5521AE765C0000561C8 /* Build configuration list for PBXNativeTarget "Calendar" */;
			buildPhases = (
				7CC6B52C1AE765C0000561C8 /* Sources */,
				7CC6B52D1AE765C0000561C8 /* Frameworks */,
				7CC6B52E1AE765C0000561C8 /* Resources */,
			);
			buildRules = (
			);
			dependencies = (
			);
			name = Calendar;
			productName = Calendar;
			productReference = 7CC6B5301AE765C0000561C8 /* Calendar.app */;
			productType = "com.apple.product-type.application";
		};
		7CC6B5471AE765C0000561C8 /* CalendarTests */ = {
			isa = PBXNativeTarget;
			buildConfigurationList = 7CC6B5551AE765C0000561C8 /* Build configuration list for PBXNativeTarget "CalendarTests" */;
			buildPhases = (
				7CC6B5441AE765C0000561C8 /* Sources */,
				7CC6B5451AE765C0000561C8 /* Frameworks */,
				7CC6B5461AE765C0000561C8 /* Resources */,
			);
			buildRules = (
			);
			dependencies = (
				7CC6B54A1AE765C0000561C8 /* PBXTargetDependency */,
			);
			name = CalendarTests;
			productName = CalendarTests;
			productReference = 7CC6B5481AE765C0000561C8 /* CalendarTests.xctest */;
			productType = "com.apple.product-type.bundle.unit-test";
		};
/* End PBXNativeTarget section */

/* Begin PBXProject section */
		7CC6B5281AE765C0000561C8 /* Project object */ = {
			isa = PBXProject;
			attributes = {
				LastUpgradeCheck = 0630;
				ORGANIZATIONNAME = wlpiaoyi;
				TargetAttributes = {
					7CC6B52F1AE765C0000561C8 = {
						CreatedOnToolsVersion = 6.3;
					};
					7CC6B5471AE765C0000561C8 = {
						CreatedOnToolsVersion = 6.3;
						TestTargetID = 7CC6B52F1AE765C0000561C8;
					};
				};
			};
			buildConfigurationList = 7CC6B52B1AE765C0000561C8 /* Build configuration list for PBXProject "Calendar" */;
			compatibilityVersion = "Xcode 3.2";
			developmentRegion = English;
			hasScannedForEncodings = 0;
			knownRegions = (
				en,
				Base,
			);
			mainGroup = 7CC6B5271AE765C0000561C8;
			productRefGroup = 7CC6B5311AE765C0000561C8 /* Products */;
			projectDirPath = "";
			projectRoot = "";
			targets = (
				7CC6B52F1AE765C0000561C8 /* Calendar */,
				7CC6B5471AE765C0000561C8 /* CalendarTests */,
			);
		};
/* End PBXProject section */

/* Begin PBXResourcesBuildPhase section */
		7CC6B52E1AE765C0000561C8 /* Resources */ = {
			isa = PBXResourcesBuildPhase;
			buildActionMask = 2147483647;
			files = (
				7CC6B53E1AE765C0000561C8 /* Main.storyboard in Resources */,
				7CC6B5431AE765C0000561C8 /* LaunchScreen.xib in Resources */,
				7CC6B5401AE765C0000561C8 /* Images.xcassets in Resources */,
			);
			runOnlyForDeploymentPostprocessing = 0;
		};
		7CC6B5461AE765C0000561C8 /* Resources */ = {
			isa = PBXResourcesBuildPhase;
			buildActionMask = 2147483647;
			files = (
			);
			runOnlyForDeploymentPostprocessing = 0;
		};
/* End PBXResourcesBuildPhase section */

/* Begin PBXSourcesBuildPhase section */
		7CC6B52C1AE765C0000561C8 /* Sources */ = {
			isa = PBXSourcesBuildPhase;
			buildActionMask = 2147483647;
			files = (
				7CD7213D1AE8DA6600F318B3 /* PYCalendarDraw.swift in Sources */,
				7CC6B53B1AE765C0000561C8 /* ViewController.swift in Sources */,
				7C76659A1AE8C0B800C939A8 /* PYCalenderDayDraw.swift in Sources */,
				7CC6B55B1AE76680000561C8 /* TestView.swift in Sources */,
				7CC6B5651AE7A8AF000561C8 /* PYCalUnit.swift in Sources */,
				7C7665981AE8B4B800C939A8 /* PYCalenderWeekDraw.swift in Sources */,
				7CC6B5361AE765C0000561C8 /* AppDelegate.swift in Sources */,
				7C7665961AE8807E00C939A8 /* PYCalendarDic.swift in Sources */,
				7CC6B5631AE7A751000561C8 /* UIFont+PYCalExpand.swift in Sources */,
				7CC6B5591AE76662000561C8 /* PYCalGraphicsDraw.swift in Sources */,
				7CC6B5391AE765C0000561C8 /* Calendar.xcdatamodeld in Sources */,
				7CC6B55F1AE797B3000561C8 /* NSDate+PYCalExpand.swift in Sources */,
				7CD7213F1AE8DA8100F318B3 /* PYCalendarView.swift in Sources */,
				7CD721411AE8DBC000F318B3 /* PYGraphicsLayer.swift in Sources */,
			);
			runOnlyForDeploymentPostprocessing = 0;
		};
		7CC6B5441AE765C0000561C8 /* Sources */ = {
			isa = PBXSourcesBuildPhase;
			buildActionMask = 2147483647;
			files = (
				7CC6B54F1AE765C0000561C8 /* CalendarTests.swift in Sources */,
			);
			runOnlyForDeploymentPostprocessing = 0;
		};
/* End PBXSourcesBuildPhase section */

/* Begin PBXTargetDependency section */
		7CC6B54A1AE765C0000561C8 /* PBXTargetDependency */ = {
			isa = PBXTargetDependency;
			target = 7CC6B52F1AE765C0000561C8 /* Calendar */;
			targetProxy = 7CC6B5491AE765C0000561C8 /* PBXContainerItemProxy */;
		};
/* End PBXTargetDependency section */

/* Begin PBXVariantGroup section */
		7CC6B53C1AE765C0000561C8 /* Main.storyboard */ = {
			isa = PBXVariantGroup;
			children = (
				7CC6B53D1AE765C0000561C8 /* Base */,
			);
			name = Main.storyboard;
			sourceTree = "<group>";
		};
		7CC6B5411AE765C0000561C8 /* LaunchScreen.xib */ = {
			isa = PBXVariantGroup;
			children = (
				7CC6B5421AE765C0000561C8 /* Base */,
			);
			name = LaunchScreen.xib;
			sourceTree = "<group>";
		};
/* End PBXVariantGroup section */

/* Begin XCBuildConfiguration section */
		7CC6B5501AE765C0000561C8 /* Debug */ = {
			isa = XCBuildConfiguration;
			buildSettings = {
				ALWAYS_SEARCH_USER_PATHS = NO;
				CLANG_CXX_LANGUAGE_STANDARD = "gnu++0x";
				CLANG_CXX_LIBRARY = "libc++";
				CLANG_ENABLE_MODULES = YES;
				CLANG_ENABLE_OBJC_ARC = YES;
				CLANG_WARN_BOOL_CONVERSION = YES;
				CLANG_WARN_CONSTANT_CONVERSION = YES;
				CLANG_WARN_DIRECT_OBJC_ISA_USAGE = YES_ERROR;
				CLANG_WARN_EMPTY_BODY = YES;
				CLANG_WARN_ENUM_CONVERSION = YES;
				CLANG_WARN_INT_CONVERSION = YES;
				CLANG_WARN_OBJC_ROOT_CLASS = YES_ERROR;
				CLANG_WARN_UNREACHABLE_CODE = YES;
				CLANG_WARN__DUPLICATE_METHOD_MATCH = YES;
				"CODE_SIGN_IDENTITY[sdk=iphoneos*]" = "iPhone Developer";
				COPY_PHASE_STRIP = NO;
				DEBUG_INFORMATION_FORMAT = "dwarf-with-dsym";
				ENABLE_STRICT_OBJC_MSGSEND = YES;
				GCC_C_LANGUAGE_STANDARD = gnu99;
				GCC_DYNAMIC_NO_PIC = NO;
				GCC_NO_COMMON_BLOCKS = YES;
				GCC_OPTIMIZATION_LEVEL = 0;
				GCC_PREPROCESSOR_DEFINITIONS = (
					"DEBUG=1",
					"$(inherited)",
				);
				GCC_SYMBOLS_PRIVATE_EXTERN = NO;
				GCC_WARN_64_TO_32_BIT_CONVERSION = YES;
				GCC_WARN_ABOUT_RETURN_TYPE = YES_ERROR;
				GCC_WARN_UNDECLARED_SELECTOR = YES;
				GCC_WARN_UNINITIALIZED_AUTOS = YES_AGGRESSIVE;
				GCC_WARN_UNUSED_FUNCTION = YES;
				GCC_WARN_UNUSED_VARIABLE = YES;
				IPHONEOS_DEPLOYMENT_TARGET = 8.3;
				MTL_ENABLE_DEBUG_INFO = YES;
				ONLY_ACTIVE_ARCH = YES;
				SDKROOT = iphoneos;
				SWIFT_OPTIMIZATION_LEVEL = "-Onone";
				TARGETED_DEVICE_FAMILY = "1,2";
			};
			name = Debug;
		};
		7CC6B5511AE765C0000561C8 /* Release */ = {
			isa = XCBuildConfiguration;
			buildSettings = {
				ALWAYS_SEARCH_USER_PATHS = NO;
				CLANG_CXX_LANGUAGE_STANDARD = "gnu++0x";
				CLANG_CXX_LIBRARY = "libc++";
				CLANG_ENABLE_MODULES = YES;
				CLANG_ENABLE_OBJC_ARC = YES;
				CLANG_WARN_BOOL_CONVERSION = YES;
				CLANG_WARN_CONSTANT_CONVERSION = YES;
				CLANG_WARN_DIRECT_OBJC_ISA_USAGE = YES_ERROR;
				CLANG_WARN_EMPTY_BODY = YES;
				CLANG_WARN_ENUM_CONVERSION = YES;
				CLANG_WARN_INT_CONVERSION = YES;
				CLANG_WARN_OBJC_ROOT_CLASS = YES_ERROR;
				CLANG_WARN_UNREACHABLE_CODE = YES;
				CLANG_WARN__DUPLICATE_METHOD_MATCH = YES;
				"CODE_SIGN_IDENTITY[sdk=iphoneos*]" = "iPhone Developer";
				COPY_PHASE_STRIP = NO;
				DEBUG_INFORMATION_FORMAT = "dwarf-with-dsym";
				ENABLE_NS_ASSERTIONS = NO;
				ENABLE_STRICT_OBJC_MSGSEND = YES;
				GCC_C_LANGUAGE_STANDARD = gnu99;
				GCC_NO_COMMON_BLOCKS = YES;
				GCC_WARN_64_TO_32_BIT_CONVERSION = YES;
				GCC_WARN_ABOUT_RETURN_TYPE = YES_ERROR;
				GCC_WARN_UNDECLARED_SELECTOR = YES;
				GCC_WARN_UNINITIALIZED_AUTOS = YES_AGGRESSIVE;
				GCC_WARN_UNUSED_FUNCTION = YES;
				GCC_WARN_UNUSED_VARIABLE = YES;
				IPHONEOS_DEPLOYMENT_TARGET = 8.3;
				MTL_ENABLE_DEBUG_INFO = NO;
				SDKROOT = iphoneos;
				TARGETED_DEVICE_FAMILY = "1,2";
				VALIDATE_PRODUCT = YES;
			};
			name = Release;
		};
		7CC6B5531AE765C0000561C8 /* Debug */ = {
			isa = XCBuildConfiguration;
			buildSettings = {
				ASSETCATALOG_COMPILER_APPICON_NAME = AppIcon;
				INFOPLIST_FILE = Calendar/Info.plist;
				IPHONEOS_DEPLOYMENT_TARGET = 7.0;
				LD_RUNPATH_SEARCH_PATHS = "$(inherited) @executable_path/Frameworks";
				PRODUCT_NAME = "$(TARGET_NAME)";
			};
			name = Debug;
		};
		7CC6B5541AE765C0000561C8 /* Release */ = {
			isa = XCBuildConfiguration;
			buildSettings = {
				ASSETCATALOG_COMPILER_APPICON_NAME = AppIcon;
				INFOPLIST_FILE = Calendar/Info.plist;
				IPHONEOS_DEPLOYMENT_TARGET = 7.0;
				LD_RUNPATH_SEARCH_PATHS = "$(inherited) @executable_path/Frameworks";
				PRODUCT_NAME = "$(TARGET_NAME)";
			};
			name = Release;
		};
		7CC6B5561AE765C0000561C8 /* Debug */ = {
			isa = XCBuildConfiguration;
			buildSettings = {
				BUNDLE_LOADER = "$(TEST_HOST)";
				FRAMEWORK_SEARCH_PATHS = (
					"$(SDKROOT)/Developer/Library/Frameworks",
					"$(inherited)",
				);
				GCC_PREPROCESSOR_DEFINITIONS = (
					"DEBUG=1",
					"$(inherited)",
				);
				INFOPLIST_FILE = CalendarTests/Info.plist;
				LD_RUNPATH_SEARCH_PATHS = "$(inherited) @executable_path/Frameworks @loader_path/Frameworks";
				PRODUCT_NAME = "$(TARGET_NAME)";
				TEST_HOST = "$(BUILT_PRODUCTS_DIR)/Calendar.app/Calendar";
			};
			name = Debug;
		};
		7CC6B5571AE765C0000561C8 /* Release */ = {
			isa = XCBuildConfiguration;
			buildSettings = {
				BUNDLE_LOADER = "$(TEST_HOST)";
				FRAMEWORK_SEARCH_PATHS = (
					"$(SDKROOT)/Developer/Library/Frameworks",
					"$(inherited)",
				);
				INFOPLIST_FILE = CalendarTests/Info.plist;
				LD_RUNPATH_SEARCH_PATHS = "$(inherited) @executable_path/Frameworks @loader_path/Frameworks";
				PRODUCT_NAME = "$(TARGET_NAME)";
				TEST_HOST = "$(BUILT_PRODUCTS_DIR)/Calendar.app/Calendar";
			};
			name = Release;
		};
/* End XCBuildConfiguration section */

/* Begin XCConfigurationList section */
		7CC6B52B1AE765C0000561C8 /* Build configuration list for PBXProject "Calendar" */ = {
			isa = XCConfigurationList;
			buildConfigurations = (
				7CC6B5501AE765C0000561C8 /* Debug */,
				7CC6B5511AE765C0000561C8 /* Release */,
			);
			defaultConfigurationIsVisible = 0;
			defaultConfigurationName = Release;
		};
		7CC6B5521AE765C0000561C8 /* Build configuration list for PBXNativeTarget "Calendar" */ = {
			isa = XCConfigurationList;
			buildConfigurations = (
				7CC6B5531AE765C0000561C8 /* Debug */,
				7CC6B5541AE765C0000561C8 /* Release */,
			);
			defaultConfigurationIsVisible = 0;
			defaultConfigurationName = Release;
		};
		7CC6B5551AE765C0000561C8 /* Build configuration list for PBXNativeTarget "CalendarTests" */ = {
			isa = XCConfigurationList;
			buildConfigurations = (
				7CC6B5561AE765C0000561C8 /* Debug */,
				7CC6B5571AE765C0000561C8 /* Release */,
			);
			defaultConfigurationIsVisible = 0;
			defaultConfigurationName = Release;
		};
/* End XCConfigurationList section */

/* Begin XCVersionGroup section */
		7CC6B5371AE765C0000561C8 /* Calendar.xcdatamodeld */ = {
			isa = XCVersionGroup;
			children = (
				7CC6B5381AE765C0000561C8 /* Calendar.xcdatamodel */,
			);
			currentVersion = 7CC6B5381AE765C0000561C8 /* Calendar.xcdatamodel */;
			path = Calendar.xcdatamodeld;
			sourceTree = "<group>";
			versionGroupType = wrapper.xcdatamodel;
		};
/* End XCVersionGroup section */
	};
	rootObject = 7CC6B5281AE765C0000561C8 /* Project object */;
}
